
Microsoft Visual Studio Solution File, Format Version 12.00
# Visual Studio 15
VisualStudioVersion = 15.0.27130.2024
MinimumVisualStudioVersion = 10.0.40219.1
Project("{FAE04EC0-301F-11D3-BF4B-00C04F79EFBC}") = "EduSharp.Troelsen.Unit3", "Troelsen\Edusharp.Troelsen.Unit3\EduSharp.Troelsen.Unit3.csproj", "{D7FF698E-A02A-4C1C-B2C9-FB5A0D95F8A4}"
EndProject
Project("{FAE04EC0-301F-11D3-BF4B-00C04F79EFBC}") = "Edusharp.Troelsen.Unit4", "Troelsen\Edusharp.Troelsen.Unit4\Edusharp.Troelsen.Unit4.csproj", "{D1ABF8EC-F28B-4031-84F8-D4DC673FCDFC}"
EndProject
Project("{FAE04EC0-301F-11D3-BF4B-00C04F79EFBC}") = "EduSharp.Troelsen.Unit5", "Troelsen\EduSharp.Troelsen.Unit5\EduSharp.Troelsen.Unit5.csproj", "{2E19990F-770F-4445-A781-DC7006A2A94D}"
EndProject
Project("{FAE04EC0-301F-11D3-BF4B-00C04F79EFBC}") = "EduSharp.Troelsen.Unit6", "Troelsen\EduSharp.Troelsen.Unit6\EduSharp.Troelsen.Unit6.csproj", "{F36DED6A-838F-4FD4-8A4D-76B8E49BBA77}"
EndProject
Project("{FAE04EC0-301F-11D3-BF4B-00C04F79EFBC}") = "EduSharp.Troelsen.Unit7", "Troelsen\EduSharp.Troelsen.Unit7\EduSharp.Troelsen.Unit7.csproj", "{C608ADD5-DFB6-44B1-835E-73A22C30EFE5}"
EndProject
Project("{FAE04EC0-301F-11D3-BF4B-00C04F79EFBC}") = "EduSharp.Troelsen.Unit7.CustomExceptions", "Troelsen\EduSharp.Troelsen.Unit7.CustomExceptions\EduSharp.Troelsen.Unit7.CustomExceptions.csproj", "{9DDA34CF-AF4D-4436-A2AD-F897FE3C7342}"
EndProject
Project("{FAE04EC0-301F-11D3-BF4B-00C04F79EFBC}") = "EduSharp.Troelsen.Unit7.MultExceptions", "Troelsen\EduSharp.Troelsen.Unit7.MultExceptions\EduSharp.Troelsen.Unit7.MultExceptions.csproj", "{C70D48B0-E68C-4899-B4C1-94FBBA1D6E89}"
EndProject
Project("{FAE04EC0-301F-11D3-BF4B-00C04F79EFBC}") = "EduSharp.Troelsen.Unit8", "Troelsen\EduSharp.Troelsen.Unit8\EduSharp.Troelsen.Unit8.csproj", "{95D1F72B-FC58-46AF-B623-D491638C1351}"
EndProject
Project("{FAE04EC0-301F-11D3-BF4B-00C04F79EFBC}") = "EduSharp.Troelsen.Unit9", "Troelsen\EduSharp.Troelsen.Unit9\EduSharp.Troelsen.Unit9.csproj", "{6242A305-7596-43F2-A785-03E43B73CD11}"
EndProject
Project("{FAE04EC0-301F-11D3-BF4B-00C04F79EFBC}") = "EduSharp.Troelsen.Unit10", "Troelsen\EduSharp.Troelsen.Unit10\EduSharp.Troelsen.Unit10.csproj", "{C46E92A0-7FA3-48C4-9E77-EAFDC3013FBA}"
EndProject
Project("{FAE04EC0-301F-11D3-BF4B-00C04F79EFBC}") = "EduSharp.Pluralsight.EventDelegate.DelegateAndEvents", "EduSharp.Pluralsight.EventDelegate.DelegateAndEvents\EduSharp.Pluralsight.EventDelegate.DelegateAndEvents.csproj", "{DBB1A60C-E6D4-4D76-BE34-510F966A5B29}"
EndProject
Project("{FAE04EC0-301F-11D3-BF4B-00C04F79EFBC}") = "CommunicatingBetweenControls", "Pluralsight\CommunicatingBetweenControls\CommunicatingBetweenControls\CommunicatingBetweenControls.csproj", "{CD8CBEB6-507B-4758-8A6E-C4A7026E6259}"
EndProject
Project("{FAE04EC0-301F-11D3-BF4B-00C04F79EFBC}") = "TheadsAndDelegates", "Pluralsight\AsyncDelegatesAndThreading\AsyncDelegatesAndThreading\TheadsAndDelegates.csproj", "{0D0E29E4-AE37-4058-8159-E7D67C8DDB9C}"
EndProject
Project("{FAE04EC0-301F-11D3-BF4B-00C04F79EFBC}") = "EduSharp.Troelsen.Unit11", "Troelsen\EduSharp.Troelsen.Unit11\EduSharp.Troelsen.Unit11.csproj", "{F83C912C-A2C1-415C-B5D9-67A65FB7DDF5}"
EndProject
Project("{FAE04EC0-301F-11D3-BF4B-00C04F79EFBC}") = "EduSharp.Troelsen.Unit12", "Troelsen\EduSharp.Troelsen.Unit12\EduSharp.Troelsen.Unit12.csproj", "{D924B55D-8506-4272-8AD3-C1B6E6361CF3}"
EndProject
Project("{FAE04EC0-301F-11D3-BF4B-00C04F79EFBC}") = "EduSharp.Troelsen.Unit20", "Troelsen\EduSharp.Troelsen.Unit20\EduSharp.Troelsen.Unit20.csproj", "{3284E2CC-D4DB-4205-9453-CB2663173369}"
EndProject
Project("{FAE04EC0-301F-11D3-BF4B-00C04F79EFBC}") = "EduSharp.Nutshell.Chapter4.Delegates", "Nutshell\EduSharp.Nutshell.Chapter4.Delegates\EduSharp.Nutshell.Chapter4.Delegates.csproj", "{225C021C-543E-414E-AD69-D117FA19D7EB}"
EndProject
Global
	GlobalSection(SolutionConfigurationPlatforms) = preSolution
		Debug|Any CPU = Debug|Any CPU
		Release|Any CPU = Release|Any CPU
	EndGlobalSection
	GlobalSection(ProjectConfigurationPlatforms) = postSolution
		{D7FF698E-A02A-4C1C-B2C9-FB5A0D95F8A4}.Debug|Any CPU.ActiveCfg = Debug|Any CPU
		{D7FF698E-A02A-4C1C-B2C9-FB5A0D95F8A4}.Debug|Any CPU.Build.0 = Debug|Any CPU
		{D7FF698E-A02A-4C1C-B2C9-FB5A0D95F8A4}.Release|Any CPU.ActiveCfg = Release|Any CPU
		{D7FF698E-A02A-4C1C-B2C9-FB5A0D95F8A4}.Release|Any CPU.Build.0 = Release|Any CPU
		{D1ABF8EC-F28B-4031-84F8-D4DC673FCDFC}.Debug|Any CPU.ActiveCfg = Debug|Any CPU
		{D1ABF8EC-F28B-4031-84F8-D4DC673FCDFC}.Debug|Any CPU.Build.0 = Debug|Any CPU
		{D1ABF8EC-F28B-4031-84F8-D4DC673FCDFC}.Release|Any CPU.ActiveCfg = Release|Any CPU
		{D1ABF8EC-F28B-4031-84F8-D4DC673FCDFC}.Release|Any CPU.Build.0 = Release|Any CPU
		{2E19990F-770F-4445-A781-DC7006A2A94D}.Debug|Any CPU.ActiveCfg = Debug|Any CPU
		{2E19990F-770F-4445-A781-DC7006A2A94D}.Debug|Any CPU.Build.0 = Debug|Any CPU
		{2E19990F-770F-4445-A781-DC7006A2A94D}.Release|Any CPU.ActiveCfg = Release|Any CPU
		{2E19990F-770F-4445-A781-DC7006A2A94D}.Release|Any CPU.Build.0 = Release|Any CPU
		{F36DED6A-838F-4FD4-8A4D-76B8E49BBA77}.Debug|Any CPU.ActiveCfg = Debug|Any CPU
		{F36DED6A-838F-4FD4-8A4D-76B8E49BBA77}.Debug|Any CPU.Build.0 = Debug|Any CPU
		{F36DED6A-838F-4FD4-8A4D-76B8E49BBA77}.Release|Any CPU.ActiveCfg = Release|Any CPU
		{F36DED6A-838F-4FD4-8A4D-76B8E49BBA77}.Release|Any CPU.Build.0 = Release|Any CPU
		{C608ADD5-DFB6-44B1-835E-73A22C30EFE5}.Debug|Any CPU.ActiveCfg = Debug|Any CPU
		{C608ADD5-DFB6-44B1-835E-73A22C30EFE5}.Debug|Any CPU.Build.0 = Debug|Any CPU
		{C608ADD5-DFB6-44B1-835E-73A22C30EFE5}.Release|Any CPU.ActiveCfg = Release|Any CPU
		{C608ADD5-DFB6-44B1-835E-73A22C30EFE5}.Release|Any CPU.Build.0 = Release|Any CPU
		{9DDA34CF-AF4D-4436-A2AD-F897FE3C7342}.Debug|Any CPU.ActiveCfg = Debug|Any CPU
		{9DDA34CF-AF4D-4436-A2AD-F897FE3C7342}.Debug|Any CPU.Build.0 = Debug|Any CPU
		{9DDA34CF-AF4D-4436-A2AD-F897FE3C7342}.Release|Any CPU.ActiveCfg = Release|Any CPU
		{9DDA34CF-AF4D-4436-A2AD-F897FE3C7342}.Release|Any CPU.Build.0 = Release|Any CPU
		{C70D48B0-E68C-4899-B4C1-94FBBA1D6E89}.Debug|Any CPU.ActiveCfg = Debug|Any CPU
		{C70D48B0-E68C-4899-B4C1-94FBBA1D6E89}.Debug|Any CPU.Build.0 = Debug|Any CPU
		{C70D48B0-E68C-4899-B4C1-94FBBA1D6E89}.Release|Any CPU.ActiveCfg = Release|Any CPU
		{C70D48B0-E68C-4899-B4C1-94FBBA1D6E89}.Release|Any CPU.Build.0 = Release|Any CPU
		{95D1F72B-FC58-46AF-B623-D491638C1351}.Debug|Any CPU.ActiveCfg = Debug|Any CPU
		{95D1F72B-FC58-46AF-B623-D491638C1351}.Debug|Any CPU.Build.0 = Debug|Any CPU
		{95D1F72B-FC58-46AF-B623-D491638C1351}.Release|Any CPU.ActiveCfg = Release|Any CPU
		{95D1F72B-FC58-46AF-B623-D491638C1351}.Release|Any CPU.Build.0 = Release|Any CPU
		{6242A305-7596-43F2-A785-03E43B73CD11}.Debug|Any CPU.ActiveCfg = Debug|Any CPU
		{6242A305-7596-43F2-A785-03E43B73CD11}.Debug|Any CPU.Build.0 = Debug|Any CPU
		{6242A305-7596-43F2-A785-03E43B73CD11}.Release|Any CPU.ActiveCfg = Release|Any CPU
		{6242A305-7596-43F2-A785-03E43B73CD11}.Release|Any CPU.Build.0 = Release|Any CPU
		{C46E92A0-7FA3-48C4-9E77-EAFDC3013FBA}.Debug|Any CPU.ActiveCfg = Debug|Any CPU
		{C46E92A0-7FA3-48C4-9E77-EAFDC3013FBA}.Debug|Any CPU.Build.0 = Debug|Any CPU
		{C46E92A0-7FA3-48C4-9E77-EAFDC3013FBA}.Release|Any CPU.ActiveCfg = Release|Any CPU
		{C46E92A0-7FA3-48C4-9E77-EAFDC3013FBA}.Release|Any CPU.Build.0 = Release|Any CPU
		{DBB1A60C-E6D4-4D76-BE34-510F966A5B29}.Debug|Any CPU.ActiveCfg = Debug|Any CPU
		{DBB1A60C-E6D4-4D76-BE34-510F966A5B29}.Debug|Any CPU.Build.0 = Debug|Any CPU
		{DBB1A60C-E6D4-4D76-BE34-510F966A5B29}.Release|Any CPU.ActiveCfg = Release|Any CPU
		{DBB1A60C-E6D4-4D76-BE34-510F966A5B29}.Release|Any CPU.Build.0 = Release|Any CPU
		{CD8CBEB6-507B-4758-8A6E-C4A7026E6259}.Debug|Any CPU.ActiveCfg = Debug|Any CPU
		{CD8CBEB6-507B-4758-8A6E-C4A7026E6259}.Debug|Any CPU.Build.0 = Debug|Any CPU
		{CD8CBEB6-507B-4758-8A6E-C4A7026E6259}.Release|Any CPU.ActiveCfg = Release|Any CPU
		{CD8CBEB6-507B-4758-8A6E-C4A7026E6259}.Release|Any CPU.Build.0 = Release|Any CPU
		{0D0E29E4-AE37-4058-8159-E7D67C8DDB9C}.Debug|Any CPU.ActiveCfg = Debug|Any CPU
		{0D0E29E4-AE37-4058-8159-E7D67C8DDB9C}.Debug|Any CPU.Build.0 = Debug|Any CPU
		{0D0E29E4-AE37-4058-8159-E7D67C8DDB9C}.Release|Any CPU.ActiveCfg = Release|Any CPU
		{0D0E29E4-AE37-4058-8159-E7D67C8DDB9C}.Release|Any CPU.Build.0 = Release|Any CPU
		{F83C912C-A2C1-415C-B5D9-67A65FB7DDF5}.Debug|Any CPU.ActiveCfg = Debug|Any CPU
		{F83C912C-A2C1-415C-B5D9-67A65FB7DDF5}.Debug|Any CPU.Build.0 = Debug|Any CPU
		{F83C912C-A2C1-415C-B5D9-67A65FB7DDF5}.Release|Any CPU.ActiveCfg = Release|Any CPU
		{F83C912C-A2C1-415C-B5D9-67A65FB7DDF5}.Release|Any CPU.Build.0 = Release|Any CPU
		{D924B55D-8506-4272-8AD3-C1B6E6361CF3}.Debug|Any CPU.ActiveCfg = Debug|Any CPU
		{D924B55D-8506-4272-8AD3-C1B6E6361CF3}.Debug|Any CPU.Build.0 = Debug|Any CPU
		{D924B55D-8506-4272-8AD3-C1B6E6361CF3}.Release|Any CPU.ActiveCfg = Release|Any CPU
		{D924B55D-8506-4272-8AD3-C1B6E6361CF3}.Release|Any CPU.Build.0 = Release|Any CPU
		{3284E2CC-D4DB-4205-9453-CB2663173369}.Debug|Any CPU.ActiveCfg = Debug|Any CPU
		{3284E2CC-D4DB-4205-9453-CB2663173369}.Debug|Any CPU.Build.0 = Debug|Any CPU
		{3284E2CC-D4DB-4205-9453-CB2663173369}.Release|Any CPU.ActiveCfg = Release|Any CPU
		{3284E2CC-D4DB-4205-9453-CB2663173369}.Release|Any CPU.Build.0 = Release|Any CPU
		{225C021C-543E-414E-AD69-D117FA19D7EB}.Debug|Any CPU.ActiveCfg = Debug|Any CPU
		{225C021C-543E-414E-AD69-D117FA19D7EB}.Debug|Any CPU.Build.0 = Debug|Any CPU
		{225C021C-543E-414E-AD69-D117FA19D7EB}.Release|Any CPU.ActiveCfg = Release|Any CPU
		{225C021C-543E-414E-AD69-D117FA19D7EB}.Release|Any CPU.Build.0 = Release|Any CPU
	EndGlobalSection
	GlobalSection(SolutionProperties) = preSolution
		HideSolutionNode = FALSE
	EndGlobalSection
	GlobalSection(ExtensibilityGlobals) = postSolution
		SolutionGuid = {57683E45-61FB-4911-B8F8-899E50481D53}
	EndGlobalSection
EndGlobal
