
Microsoft Visual Studio Solution File, Format Version 12.00
# Visual Studio 15
VisualStudioVersion = 15.0.27130.2024
MinimumVisualStudioVersion = 10.0.40219.1
Project("{FAE04EC0-301F-11D3-BF4B-00C04F79EFBC}") = "EduSharp.Unit3", "FirstPrg\EduSharp.Unit3.csproj", "{D7FF698E-A02A-4C1C-B2C9-FB5A0D95F8A4}"
EndProject
Project("{FAE04EC0-301F-11D3-BF4B-00C04F79EFBC}") = "Edusharp.Unit4", "Edusharp.Unit4\Edusharp.Unit4.csproj", "{D1ABF8EC-F28B-4031-84F8-D4DC673FCDFC}"
EndProject
Project("{FAE04EC0-301F-11D3-BF4B-00C04F79EFBC}") = "EduSharp.Unit5", "EduSharp.Unit5\EduSharp.Unit5.csproj", "{2E19990F-770F-4445-A781-DC7006A2A94D}"
EndProject
Project("{FAE04EC0-301F-11D3-BF4B-00C04F79EFBC}") = "EduSharp.Unit6", "EduSharp.Unit6\EduSharp.Unit6.csproj", "{F36DED6A-838F-4FD4-8A4D-76B8E49BBA77}"
EndProject
Project("{FAE04EC0-301F-11D3-BF4B-00C04F79EFBC}") = "EduSharp.Unit7", "EduSharp.Unit7\EduSharp.Unit7.csproj", "{C608ADD5-DFB6-44B1-835E-73A22C30EFE5}"
EndProject
Project("{FAE04EC0-301F-11D3-BF4B-00C04F79EFBC}") = "EduSharp.Unit7.CustomExceptions", "EduSharp.Unit7.CustomExceptions\EduSharp.Unit7.CustomExceptions.csproj", "{9DDA34CF-AF4D-4436-A2AD-F897FE3C7342}"
EndProject
Project("{FAE04EC0-301F-11D3-BF4B-00C04F79EFBC}") = "EduSharp.Unit7.MultExceptions", "EduSharp.Unit7.MultExceptions\EduSharp.Unit7.MultExceptions.csproj", "{C70D48B0-E68C-4899-B4C1-94FBBA1D6E89}"
EndProject
Global
	GlobalSection(SolutionConfigurationPlatforms) = preSolution
		Debug|Any CPU = Debug|Any CPU
		Release|Any CPU = Release|Any CPU
	EndGlobalSection
	GlobalSection(ProjectConfigurationPlatforms) = postSolution
		{D7FF698E-A02A-4C1C-B2C9-FB5A0D95F8A4}.Debug|Any CPU.ActiveCfg = Debug|Any CPU
		{D7FF698E-A02A-4C1C-B2C9-FB5A0D95F8A4}.Debug|Any CPU.Build.0 = Debug|Any CPU
		{D7FF698E-A02A-4C1C-B2C9-FB5A0D95F8A4}.Release|Any CPU.ActiveCfg = Release|Any CPU
		{D7FF698E-A02A-4C1C-B2C9-FB5A0D95F8A4}.Release|Any CPU.Build.0 = Release|Any CPU
		{D1ABF8EC-F28B-4031-84F8-D4DC673FCDFC}.Debug|Any CPU.ActiveCfg = Debug|Any CPU
		{D1ABF8EC-F28B-4031-84F8-D4DC673FCDFC}.Debug|Any CPU.Build.0 = Debug|Any CPU
		{D1ABF8EC-F28B-4031-84F8-D4DC673FCDFC}.Release|Any CPU.ActiveCfg = Release|Any CPU
		{D1ABF8EC-F28B-4031-84F8-D4DC673FCDFC}.Release|Any CPU.Build.0 = Release|Any CPU
		{2E19990F-770F-4445-A781-DC7006A2A94D}.Debug|Any CPU.ActiveCfg = Debug|Any CPU
		{2E19990F-770F-4445-A781-DC7006A2A94D}.Debug|Any CPU.Build.0 = Debug|Any CPU
		{2E19990F-770F-4445-A781-DC7006A2A94D}.Release|Any CPU.ActiveCfg = Release|Any CPU
		{2E19990F-770F-4445-A781-DC7006A2A94D}.Release|Any CPU.Build.0 = Release|Any CPU
		{F36DED6A-838F-4FD4-8A4D-76B8E49BBA77}.Debug|Any CPU.ActiveCfg = Debug|Any CPU
		{F36DED6A-838F-4FD4-8A4D-76B8E49BBA77}.Debug|Any CPU.Build.0 = Debug|Any CPU
		{F36DED6A-838F-4FD4-8A4D-76B8E49BBA77}.Release|Any CPU.ActiveCfg = Release|Any CPU
		{F36DED6A-838F-4FD4-8A4D-76B8E49BBA77}.Release|Any CPU.Build.0 = Release|Any CPU
		{C608ADD5-DFB6-44B1-835E-73A22C30EFE5}.Debug|Any CPU.ActiveCfg = Debug|Any CPU
		{C608ADD5-DFB6-44B1-835E-73A22C30EFE5}.Debug|Any CPU.Build.0 = Debug|Any CPU
		{C608ADD5-DFB6-44B1-835E-73A22C30EFE5}.Release|Any CPU.ActiveCfg = Release|Any CPU
		{C608ADD5-DFB6-44B1-835E-73A22C30EFE5}.Release|Any CPU.Build.0 = Release|Any CPU
		{9DDA34CF-AF4D-4436-A2AD-F897FE3C7342}.Debug|Any CPU.ActiveCfg = Debug|Any CPU
		{9DDA34CF-AF4D-4436-A2AD-F897FE3C7342}.Debug|Any CPU.Build.0 = Debug|Any CPU
		{9DDA34CF-AF4D-4436-A2AD-F897FE3C7342}.Release|Any CPU.ActiveCfg = Release|Any CPU
		{9DDA34CF-AF4D-4436-A2AD-F897FE3C7342}.Release|Any CPU.Build.0 = Release|Any CPU
		{C70D48B0-E68C-4899-B4C1-94FBBA1D6E89}.Debug|Any CPU.ActiveCfg = Debug|Any CPU
		{C70D48B0-E68C-4899-B4C1-94FBBA1D6E89}.Debug|Any CPU.Build.0 = Debug|Any CPU
		{C70D48B0-E68C-4899-B4C1-94FBBA1D6E89}.Release|Any CPU.ActiveCfg = Release|Any CPU
		{C70D48B0-E68C-4899-B4C1-94FBBA1D6E89}.Release|Any CPU.Build.0 = Release|Any CPU
	EndGlobalSection
	GlobalSection(SolutionProperties) = preSolution
		HideSolutionNode = FALSE
	EndGlobalSection
	GlobalSection(ExtensibilityGlobals) = postSolution
		SolutionGuid = {57683E45-61FB-4911-B8F8-899E50481D53}
	EndGlobalSection
EndGlobal
