
Microsoft Visual Studio Solution File, Format Version 12.00
# Visual Studio 15
VisualStudioVersion = 15.0.26730.10
MinimumVisualStudioVersion = 10.0.40219.1
Project("{FAE04EC0-301F-11D3-BF4B-00C04F79EFBC}") = "EduSharp.Unit3", "FirstPrg\EduSharp.Unit3.csproj", "{D7FF698E-A02A-4C1C-B2C9-FB5A0D95F8A4}"
EndProject
Project("{FAE04EC0-301F-11D3-BF4B-00C04F79EFBC}") = "Edusharp.Unit4", "Edusharp.Unit4\Edusharp.Unit4.csproj", "{D1ABF8EC-F28B-4031-84F8-D4DC673FCDFC}"
EndProject
Global
	GlobalSection(SolutionConfigurationPlatforms) = preSolution
		Debug|Any CPU = Debug|Any CPU
		Release|Any CPU = Release|Any CPU
	EndGlobalSection
	GlobalSection(ProjectConfigurationPlatforms) = postSolution
		{D7FF698E-A02A-4C1C-B2C9-FB5A0D95F8A4}.Debug|Any CPU.ActiveCfg = Debug|Any CPU
		{D7FF698E-A02A-4C1C-B2C9-FB5A0D95F8A4}.Debug|Any CPU.Build.0 = Debug|Any CPU
		{D7FF698E-A02A-4C1C-B2C9-FB5A0D95F8A4}.Release|Any CPU.ActiveCfg = Release|Any CPU
		{D7FF698E-A02A-4C1C-B2C9-FB5A0D95F8A4}.Release|Any CPU.Build.0 = Release|Any CPU
		{D1ABF8EC-F28B-4031-84F8-D4DC673FCDFC}.Debug|Any CPU.ActiveCfg = Debug|Any CPU
		{D1ABF8EC-F28B-4031-84F8-D4DC673FCDFC}.Debug|Any CPU.Build.0 = Debug|Any CPU
		{D1ABF8EC-F28B-4031-84F8-D4DC673FCDFC}.Release|Any CPU.ActiveCfg = Release|Any CPU
		{D1ABF8EC-F28B-4031-84F8-D4DC673FCDFC}.Release|Any CPU.Build.0 = Release|Any CPU
	EndGlobalSection
	GlobalSection(SolutionProperties) = preSolution
		HideSolutionNode = FALSE
	EndGlobalSection
	GlobalSection(ExtensibilityGlobals) = postSolution
		SolutionGuid = {57683E45-61FB-4911-B8F8-899E50481D53}
	EndGlobalSection
EndGlobal
